// !$*UTF8*$!
{
	archiveVersion = 1;
	classes = {
	};
	objectVersion = 56;
	objects = {

/* Begin PBXBuildFile section */
		3634D6992A8A203D00C31903 /* LocationManager.swift in Sources */ = {isa = PBXBuildFile; fileRef = 3634D6982A8A203C00C31903 /* LocationManager.swift */; };
		3634D69B2A8A221100C31903 /* WeatherKitManager.swift in Sources */ = {isa = PBXBuildFile; fileRef = 3634D69A2A8A221100C31903 /* WeatherKitManager.swift */; };
		3634D69E2A8B819800C31903 /* Rain.sks in Resources */ = {isa = PBXBuildFile; fileRef = 3634D69D2A8B819800C31903 /* Rain.sks */; };
		36F770DA2A8B85CA0000C844 /* Fireflies.sks in Resources */ = {isa = PBXBuildFile; fileRef = 36F770D92A8B85CA0000C844 /* Fireflies.sks */; };
		36F770DC2A8B85DB0000C844 /* FIre.sks in Resources */ = {isa = PBXBuildFile; fileRef = 36F770DB2A8B85DB0000C844 /* FIre.sks */; };
		36F770E02A8CBCCD0000C844 /* Snow.sks in Resources */ = {isa = PBXBuildFile; fileRef = 36F770DF2A8CBCCD0000C844 /* Snow.sks */; };
		36F770E22A8CC1320000C844 /* GameCenterManager.swift in Sources */ = {isa = PBXBuildFile; fileRef = 36F770E12A8CC1320000C844 /* GameCenterManager.swift */; };
		36F770E42A8CC89E0000C844 /* PlayerModel.swift in Sources */ = {isa = PBXBuildFile; fileRef = 36F770E32A8CC89E0000C844 /* PlayerModel.swift */; };
		589339872A73A3F900F36749 /* AppDelegate.swift in Sources */ = {isa = PBXBuildFile; fileRef = 589339862A73A3F900F36749 /* AppDelegate.swift */; };
		5893398D2A73A3F900F36749 /* GameScene.swift in Sources */ = {isa = PBXBuildFile; fileRef = 5893398C2A73A3F900F36749 /* GameScene.swift */; };
		5893398F2A73A3F900F36749 /* GameViewController.swift in Sources */ = {isa = PBXBuildFile; fileRef = 5893398E2A73A3F900F36749 /* GameViewController.swift */; };
		589339922A73A3F900F36749 /* Main.storyboard in Resources */ = {isa = PBXBuildFile; fileRef = 589339902A73A3F900F36749 /* Main.storyboard */; };
		589339942A73A3FA00F36749 /* Assets.xcassets in Resources */ = {isa = PBXBuildFile; fileRef = 589339932A73A3FA00F36749 /* Assets.xcassets */; };
		589339972A73A3FA00F36749 /* LaunchScreen.storyboard in Resources */ = {isa = PBXBuildFile; fileRef = 589339952A73A3FA00F36749 /* LaunchScreen.storyboard */; };
		5893399F2A74CC2800F36749 /* MenuScene.swift in Sources */ = {isa = PBXBuildFile; fileRef = 5893399E2A74CC2800F36749 /* MenuScene.swift */; };
		589339A12A74CC4A00F36749 /* MenuScene.sks in Resources */ = {isa = PBXBuildFile; fileRef = 589339A02A74CC4A00F36749 /* MenuScene.sks */; };
		589339A72A74D0F400F36749 /* DifficultyManager.swift in Sources */ = {isa = PBXBuildFile; fileRef = 589339A62A74D0F400F36749 /* DifficultyManager.swift */; };
		589339AA2A74D11A00F36749 /* DifficultyOptions.swift in Sources */ = {isa = PBXBuildFile; fileRef = 589339A92A74D11A00F36749 /* DifficultyOptions.swift */; };
		589339AE2A74D17E00F36749 /* GameOver.swift in Sources */ = {isa = PBXBuildFile; fileRef = 589339AD2A74D17E00F36749 /* GameOver.swift */; };
		589339B02A74D22600F36749 /* GameOver.sks in Resources */ = {isa = PBXBuildFile; fileRef = 589339AF2A74D22600F36749 /* GameOver.sks */; };
		589339B42A74D35B00F36749 /* Constants.swift in Sources */ = {isa = PBXBuildFile; fileRef = 589339B32A74D35B00F36749 /* Constants.swift */; };
		58D3BC9F2A74D75F00F0DCF5 /* looseLife.mp3 in Resources */ = {isa = PBXBuildFile; fileRef = 58D3BC9C2A74D75F00F0DCF5 /* looseLife.mp3 */; };
		58D3BCA12A74D75F00F0DCF5 /* torpedo.mp3 in Resources */ = {isa = PBXBuildFile; fileRef = 58D3BC9E2A74D75F00F0DCF5 /* torpedo.mp3 */; };
		58D3BCA52A74D76A00F0DCF5 /* explosion.mp3 in Resources */ = {isa = PBXBuildFile; fileRef = 58D3BCA22A74D76A00F0DCF5 /* explosion.mp3 */; };
		58D3BCA62A74D76A00F0DCF5 /* Explosion.sks in Resources */ = {isa = PBXBuildFile; fileRef = 58D3BCA32A74D76A00F0DCF5 /* Explosion.sks */; };
		58D3BCA72A74D76A00F0DCF5 /* gameOver.mp3 in Resources */ = {isa = PBXBuildFile; fileRef = 58D3BCA42A74D76A00F0DCF5 /* gameOver.mp3 */; };
		58F8BB3C2A74D629004EB276 /* Starfield.sks in Resources */ = {isa = PBXBuildFile; fileRef = 58F8BB3B2A74D629004EB276 /* Starfield.sks */; };
		6210DAC72A862E8A00DA7D10 /* randomFunction.swift in Sources */ = {isa = PBXBuildFile; fileRef = 6210DAC62A862E8A00DA7D10 /* randomFunction.swift */; };
/* End PBXBuildFile section */

/* Begin PBXFileReference section */
		3634D6962A8A181000C31903 /* Up.entitlements */ = {isa = PBXFileReference; lastKnownFileType = text.plist.entitlements; path = Up.entitlements; sourceTree = "<group>"; };
		3634D6982A8A203C00C31903 /* LocationManager.swift */ = {isa = PBXFileReference; lastKnownFileType = sourcecode.swift; path = LocationManager.swift; sourceTree = "<group>"; };
		3634D69A2A8A221100C31903 /* WeatherKitManager.swift */ = {isa = PBXFileReference; lastKnownFileType = sourcecode.swift; path = WeatherKitManager.swift; sourceTree = "<group>"; };
		3634D69C2A8B5CA800C31903 /* Info.plist */ = {isa = PBXFileReference; lastKnownFileType = text.plist; path = Info.plist; sourceTree = "<group>"; };
		3634D69D2A8B819800C31903 /* Rain.sks */ = {isa = PBXFileReference; lastKnownFileType = file.sks; path = Rain.sks; sourceTree = "<group>"; };
		36F770D92A8B85CA0000C844 /* Fireflies.sks */ = {isa = PBXFileReference; lastKnownFileType = file.sks; path = Fireflies.sks; sourceTree = "<group>"; };
		36F770DB2A8B85DB0000C844 /* FIre.sks */ = {isa = PBXFileReference; lastKnownFileType = file.sks; path = FIre.sks; sourceTree = "<group>"; };
		36F770DF2A8CBCCD0000C844 /* Snow.sks */ = {isa = PBXFileReference; lastKnownFileType = file.sks; path = Snow.sks; sourceTree = "<group>"; };
		36F770E12A8CC1320000C844 /* GameCenterManager.swift */ = {isa = PBXFileReference; lastKnownFileType = sourcecode.swift; path = GameCenterManager.swift; sourceTree = "<group>"; };
		36F770E32A8CC89E0000C844 /* PlayerModel.swift */ = {isa = PBXFileReference; lastKnownFileType = sourcecode.swift; path = PlayerModel.swift; sourceTree = "<group>"; };
		589339832A73A3F900F36749 /* Up.app */ = {isa = PBXFileReference; explicitFileType = wrapper.application; includeInIndex = 0; path = Up.app; sourceTree = BUILT_PRODUCTS_DIR; };
		589339862A73A3F900F36749 /* AppDelegate.swift */ = {isa = PBXFileReference; lastKnownFileType = sourcecode.swift; path = AppDelegate.swift; sourceTree = "<group>"; };
		5893398C2A73A3F900F36749 /* GameScene.swift */ = {isa = PBXFileReference; lastKnownFileType = sourcecode.swift; path = GameScene.swift; sourceTree = "<group>"; };
		5893398E2A73A3F900F36749 /* GameViewController.swift */ = {isa = PBXFileReference; lastKnownFileType = sourcecode.swift; path = GameViewController.swift; sourceTree = "<group>"; };
		589339912A73A3F900F36749 /* Base */ = {isa = PBXFileReference; lastKnownFileType = file.storyboard; name = Base; path = Base.lproj/Main.storyboard; sourceTree = "<group>"; };
		589339932A73A3FA00F36749 /* Assets.xcassets */ = {isa = PBXFileReference; lastKnownFileType = folder.assetcatalog; path = Assets.xcassets; sourceTree = "<group>"; };
		589339962A73A3FA00F36749 /* Base */ = {isa = PBXFileReference; lastKnownFileType = file.storyboard; name = Base; path = Base.lproj/LaunchScreen.storyboard; sourceTree = "<group>"; };
		5893399E2A74CC2800F36749 /* MenuScene.swift */ = {isa = PBXFileReference; lastKnownFileType = sourcecode.swift; path = MenuScene.swift; sourceTree = "<group>"; };
		589339A02A74CC4A00F36749 /* MenuScene.sks */ = {isa = PBXFileReference; lastKnownFileType = file.sks; path = MenuScene.sks; sourceTree = "<group>"; };
		589339A62A74D0F400F36749 /* DifficultyManager.swift */ = {isa = PBXFileReference; lastKnownFileType = sourcecode.swift; path = DifficultyManager.swift; sourceTree = "<group>"; };
		589339A92A74D11A00F36749 /* DifficultyOptions.swift */ = {isa = PBXFileReference; lastKnownFileType = sourcecode.swift; path = DifficultyOptions.swift; sourceTree = "<group>"; };
		589339AD2A74D17E00F36749 /* GameOver.swift */ = {isa = PBXFileReference; lastKnownFileType = sourcecode.swift; path = GameOver.swift; sourceTree = "<group>"; };
		589339AF2A74D22600F36749 /* GameOver.sks */ = {isa = PBXFileReference; lastKnownFileType = file.sks; path = GameOver.sks; sourceTree = "<group>"; };
		589339B32A74D35B00F36749 /* Constants.swift */ = {isa = PBXFileReference; lastKnownFileType = sourcecode.swift; path = Constants.swift; sourceTree = "<group>"; };
		58D3BC9C2A74D75F00F0DCF5 /* looseLife.mp3 */ = {isa = PBXFileReference; lastKnownFileType = audio.mp3; path = looseLife.mp3; sourceTree = "<group>"; };
		58D3BC9E2A74D75F00F0DCF5 /* torpedo.mp3 */ = {isa = PBXFileReference; lastKnownFileType = audio.mp3; path = torpedo.mp3; sourceTree = "<group>"; };
		58D3BCA22A74D76A00F0DCF5 /* explosion.mp3 */ = {isa = PBXFileReference; lastKnownFileType = audio.mp3; path = explosion.mp3; sourceTree = "<group>"; };
		58D3BCA32A74D76A00F0DCF5 /* Explosion.sks */ = {isa = PBXFileReference; lastKnownFileType = file.sks; path = Explosion.sks; sourceTree = "<group>"; };
		58D3BCA42A74D76A00F0DCF5 /* gameOver.mp3 */ = {isa = PBXFileReference; lastKnownFileType = audio.mp3; path = gameOver.mp3; sourceTree = "<group>"; };
		58F8BB3B2A74D629004EB276 /* Starfield.sks */ = {isa = PBXFileReference; lastKnownFileType = file.sks; path = Starfield.sks; sourceTree = "<group>"; };
		6210DAC62A862E8A00DA7D10 /* randomFunction.swift */ = {isa = PBXFileReference; lastKnownFileType = sourcecode.swift; path = randomFunction.swift; sourceTree = "<group>"; };
/* End PBXFileReference section */

/* Begin PBXFrameworksBuildPhase section */
		589339802A73A3F900F36749 /* Frameworks */ = {
			isa = PBXFrameworksBuildPhase;
			buildActionMask = 2147483647;
			files = (
			);
			runOnlyForDeploymentPostprocessing = 0;
		};
/* End PBXFrameworksBuildPhase section */

/* Begin PBXGroup section */
		3634D6972A8A188A00C31903 /* Helper */ = {
			isa = PBXGroup;
			children = (
				3634D6982A8A203C00C31903 /* LocationManager.swift */,
				3634D69A2A8A221100C31903 /* WeatherKitManager.swift */,
				36F770E12A8CC1320000C844 /* GameCenterManager.swift */,
			);
			path = Helper;
			sourceTree = "<group>";
		};
		5893397A2A73A3F900F36749 = {
			isa = PBXGroup;
			children = (
				589339852A73A3F900F36749 /* Up */,
				589339842A73A3F900F36749 /* Products */,
			);
			sourceTree = "<group>";
		};
		589339842A73A3F900F36749 /* Products */ = {
			isa = PBXGroup;
			children = (
				589339832A73A3F900F36749 /* Up.app */,
			);
			name = Products;
			sourceTree = "<group>";
		};
		589339852A73A3F900F36749 /* Up */ = {
			isa = PBXGroup;
			children = (
				3634D69C2A8B5CA800C31903 /* Info.plist */,
				3634D6962A8A181000C31903 /* Up.entitlements */,
				589339B12A74D31400F36749 /* Common */,
				589339AB2A74D14D00F36749 /* Scenes */,
				589339A52A74D0D800F36749 /* Constants */,
				3634D6972A8A188A00C31903 /* Helper */,
				589339A82A74D10D00F36749 /* Model */,
				589339B52A74D40400F36749 /* Resources */,
				589339862A73A3F900F36749 /* AppDelegate.swift */,
				5893398E2A73A3F900F36749 /* GameViewController.swift */,
				589339902A73A3F900F36749 /* Main.storyboard */,
				589339952A73A3FA00F36749 /* LaunchScreen.storyboard */,
			);
			path = Up;
			sourceTree = "<group>";
		};
		5893399D2A74CBEE00F36749 /* Menu */ = {
			isa = PBXGroup;
			children = (
				5893399E2A74CC2800F36749 /* MenuScene.swift */,
				589339A02A74CC4A00F36749 /* MenuScene.sks */,
			);
			path = Menu;
			sourceTree = "<group>";
		};
		589339A42A74D01F00F36749 /* Game */ = {
			isa = PBXGroup;
			children = (
				5893398C2A73A3F900F36749 /* GameScene.swift */,
				6210DAC62A862E8A00DA7D10 /* randomFunction.swift */,
			);
			path = Game;
			sourceTree = "<group>";
		};
		589339A52A74D0D800F36749 /* Constants */ = {
			isa = PBXGroup;
			children = (
				589339B32A74D35B00F36749 /* Constants.swift */,
			);
			path = Constants;
			sourceTree = "<group>";
		};
		589339A82A74D10D00F36749 /* Model */ = {
			isa = PBXGroup;
			children = (
				589339A92A74D11A00F36749 /* DifficultyOptions.swift */,
				36F770E32A8CC89E0000C844 /* PlayerModel.swift */,
			);
			path = Model;
			sourceTree = "<group>";
		};
		589339AB2A74D14D00F36749 /* Scenes */ = {
			isa = PBXGroup;
			children = (
				589339AC2A74D16C00F36749 /* GameOver */,
				5893399D2A74CBEE00F36749 /* Menu */,
				589339A42A74D01F00F36749 /* Game */,
			);
			path = Scenes;
			sourceTree = "<group>";
		};
		589339AC2A74D16C00F36749 /* GameOver */ = {
			isa = PBXGroup;
			children = (
				589339AD2A74D17E00F36749 /* GameOver.swift */,
				589339AF2A74D22600F36749 /* GameOver.sks */,
			);
			path = GameOver;
			sourceTree = "<group>";
		};
		589339B12A74D31400F36749 /* Common */ = {
			isa = PBXGroup;
			children = (
				589339B22A74D32000F36749 /* Utils */,
			);
			path = Common;
			sourceTree = "<group>";
		};
		589339B22A74D32000F36749 /* Utils */ = {
			isa = PBXGroup;
			children = (
				589339A62A74D0F400F36749 /* DifficultyManager.swift */,
			);
			path = Utils;
			sourceTree = "<group>";
		};
		589339B52A74D40400F36749 /* Resources */ = {
			isa = PBXGroup;
			children = (
				589339932A73A3FA00F36749 /* Assets.xcassets */,
				58F8BB3B2A74D629004EB276 /* Starfield.sks */,
				58D3BCA32A74D76A00F0DCF5 /* Explosion.sks */,
				58D3BC9C2A74D75F00F0DCF5 /* looseLife.mp3 */,
				58D3BC9E2A74D75F00F0DCF5 /* torpedo.mp3 */,
				58D3BCA22A74D76A00F0DCF5 /* explosion.mp3 */,
				58D3BCA42A74D76A00F0DCF5 /* gameOver.mp3 */,
				3634D69D2A8B819800C31903 /* Rain.sks */,
				36F770D92A8B85CA0000C844 /* Fireflies.sks */,
				36F770DB2A8B85DB0000C844 /* FIre.sks */,
				36F770DF2A8CBCCD0000C844 /* Snow.sks */,
			);
			path = Resources;
			sourceTree = "<group>";
		};
/* End PBXGroup section */

/* Begin PBXNativeTarget section */
		589339822A73A3F900F36749 /* Up */ = {
			isa = PBXNativeTarget;
			buildConfigurationList = 5893399A2A73A3FA00F36749 /* Build configuration list for PBXNativeTarget "Up" */;
			buildPhases = (
				5893397F2A73A3F900F36749 /* Sources */,
				589339802A73A3F900F36749 /* Frameworks */,
				589339812A73A3F900F36749 /* Resources */,
			);
			buildRules = (
			);
			dependencies = (
			);
			name = Up;
			productName = Up;
			productReference = 589339832A73A3F900F36749 /* Up.app */;
			productType = "com.apple.product-type.application";
		};
/* End PBXNativeTarget section */

/* Begin PBXProject section */
		5893397B2A73A3F900F36749 /* Project object */ = {
			isa = PBXProject;
			attributes = {
				BuildIndependentTargetsInParallel = 1;
				LastSwiftUpdateCheck = 1430;
				LastUpgradeCheck = 1430;
				TargetAttributes = {
					589339822A73A3F900F36749 = {
						CreatedOnToolsVersion = 14.3.1;
					};
				};
			};
			buildConfigurationList = 5893397E2A73A3F900F36749 /* Build configuration list for PBXProject "Up" */;
			compatibilityVersion = "Xcode 14.0";
			developmentRegion = en;
			hasScannedForEncodings = 0;
			knownRegions = (
				en,
				Base,
			);
			mainGroup = 5893397A2A73A3F900F36749;
			productRefGroup = 589339842A73A3F900F36749 /* Products */;
			projectDirPath = "";
			projectRoot = "";
			targets = (
				589339822A73A3F900F36749 /* Up */,
			);
		};
/* End PBXProject section */

/* Begin PBXResourcesBuildPhase section */
		589339812A73A3F900F36749 /* Resources */ = {
			isa = PBXResourcesBuildPhase;
			buildActionMask = 2147483647;
			files = (
				58D3BCA12A74D75F00F0DCF5 /* torpedo.mp3 in Resources */,
				58D3BCA72A74D76A00F0DCF5 /* gameOver.mp3 in Resources */,
				58F8BB3C2A74D629004EB276 /* Starfield.sks in Resources */,
				36F770E02A8CBCCD0000C844 /* Snow.sks in Resources */,
				589339922A73A3F900F36749 /* Main.storyboard in Resources */,
				589339B02A74D22600F36749 /* GameOver.sks in Resources */,
				36F770DA2A8B85CA0000C844 /* Fireflies.sks in Resources */,
				58D3BCA62A74D76A00F0DCF5 /* Explosion.sks in Resources */,
				589339A12A74CC4A00F36749 /* MenuScene.sks in Resources */,
				58D3BCA52A74D76A00F0DCF5 /* explosion.mp3 in Resources */,
				58D3BC9F2A74D75F00F0DCF5 /* looseLife.mp3 in Resources */,
				3634D69E2A8B819800C31903 /* Rain.sks in Resources */,
				589339942A73A3FA00F36749 /* Assets.xcassets in Resources */,
				589339972A73A3FA00F36749 /* LaunchScreen.storyboard in Resources */,
				36F770DC2A8B85DB0000C844 /* FIre.sks in Resources */,
			);
			runOnlyForDeploymentPostprocessing = 0;
		};
/* End PBXResourcesBuildPhase section */

/* Begin PBXSourcesBuildPhase section */
		5893397F2A73A3F900F36749 /* Sources */ = {
			isa = PBXSourcesBuildPhase;
			buildActionMask = 2147483647;
			files = (
				5893398D2A73A3F900F36749 /* GameScene.swift in Sources */,
				589339AA2A74D11A00F36749 /* DifficultyOptions.swift in Sources */,
				589339AE2A74D17E00F36749 /* GameOver.swift in Sources */,
				36F770E42A8CC89E0000C844 /* PlayerModel.swift in Sources */,
				5893399F2A74CC2800F36749 /* MenuScene.swift in Sources */,
				5893398F2A73A3F900F36749 /* GameViewController.swift in Sources */,
				589339872A73A3F900F36749 /* AppDelegate.swift in Sources */,
				589339A72A74D0F400F36749 /* DifficultyManager.swift in Sources */,
				589339B42A74D35B00F36749 /* Constants.swift in Sources */,
				36F770E22A8CC1320000C844 /* GameCenterManager.swift in Sources */,
				3634D6992A8A203D00C31903 /* LocationManager.swift in Sources */,
				3634D69B2A8A221100C31903 /* WeatherKitManager.swift in Sources */,
				6210DAC72A862E8A00DA7D10 /* randomFunction.swift in Sources */,
			);
			runOnlyForDeploymentPostprocessing = 0;
		};
/* End PBXSourcesBuildPhase section */

/* Begin PBXVariantGroup section */
		589339902A73A3F900F36749 /* Main.storyboard */ = {
			isa = PBXVariantGroup;
			children = (
				589339912A73A3F900F36749 /* Base */,
			);
			name = Main.storyboard;
			sourceTree = "<group>";
		};
		589339952A73A3FA00F36749 /* LaunchScreen.storyboard */ = {
			isa = PBXVariantGroup;
			children = (
				589339962A73A3FA00F36749 /* Base */,
			);
			name = LaunchScreen.storyboard;
			sourceTree = "<group>";
		};
/* End PBXVariantGroup section */

/* Begin XCBuildConfiguration section */
		589339982A73A3FA00F36749 /* Debug */ = {
			isa = XCBuildConfiguration;
			buildSettings = {
				ALWAYS_SEARCH_USER_PATHS = NO;
				CLANG_ANALYZER_NONNULL = YES;
				CLANG_ANALYZER_NUMBER_OBJECT_CONVERSION = YES_AGGRESSIVE;
				CLANG_CXX_LANGUAGE_STANDARD = "gnu++20";
				CLANG_ENABLE_MODULES = YES;
				CLANG_ENABLE_OBJC_ARC = YES;
				CLANG_ENABLE_OBJC_WEAK = YES;
				CLANG_WARN_BLOCK_CAPTURE_AUTORELEASING = YES;
				CLANG_WARN_BOOL_CONVERSION = YES;
				CLANG_WARN_COMMA = YES;
				CLANG_WARN_CONSTANT_CONVERSION = YES;
				CLANG_WARN_DEPRECATED_OBJC_IMPLEMENTATIONS = YES;
				CLANG_WARN_DIRECT_OBJC_ISA_USAGE = YES_ERROR;
				CLANG_WARN_DOCUMENTATION_COMMENTS = YES;
				CLANG_WARN_EMPTY_BODY = YES;
				CLANG_WARN_ENUM_CONVERSION = YES;
				CLANG_WARN_INFINITE_RECURSION = YES;
				CLANG_WARN_INT_CONVERSION = YES;
				CLANG_WARN_NON_LITERAL_NULL_CONVERSION = YES;
				CLANG_WARN_OBJC_IMPLICIT_RETAIN_SELF = YES;
				CLANG_WARN_OBJC_LITERAL_CONVERSION = YES;
				CLANG_WARN_OBJC_ROOT_CLASS = YES_ERROR;
				CLANG_WARN_QUOTED_INCLUDE_IN_FRAMEWORK_HEADER = YES;
				CLANG_WARN_RANGE_LOOP_ANALYSIS = YES;
				CLANG_WARN_STRICT_PROTOTYPES = YES;
				CLANG_WARN_SUSPICIOUS_MOVE = YES;
				CLANG_WARN_UNGUARDED_AVAILABILITY = YES_AGGRESSIVE;
				CLANG_WARN_UNREACHABLE_CODE = YES;
				CLANG_WARN__DUPLICATE_METHOD_MATCH = YES;
				COPY_PHASE_STRIP = NO;
				DEBUG_INFORMATION_FORMAT = dwarf;
				ENABLE_STRICT_OBJC_MSGSEND = YES;
				ENABLE_TESTABILITY = YES;
				GCC_C_LANGUAGE_STANDARD = gnu11;
				GCC_DYNAMIC_NO_PIC = NO;
				GCC_NO_COMMON_BLOCKS = YES;
				GCC_OPTIMIZATION_LEVEL = 0;
				GCC_PREPROCESSOR_DEFINITIONS = (
					"DEBUG=1",
					"$(inherited)",
				);
				GCC_WARN_64_TO_32_BIT_CONVERSION = YES;
				GCC_WARN_ABOUT_RETURN_TYPE = YES_ERROR;
				GCC_WARN_UNDECLARED_SELECTOR = YES;
				GCC_WARN_UNINITIALIZED_AUTOS = YES_AGGRESSIVE;
				GCC_WARN_UNUSED_FUNCTION = YES;
				GCC_WARN_UNUSED_VARIABLE = YES;
				IPHONEOS_DEPLOYMENT_TARGET = 16.4;
				MTL_ENABLE_DEBUG_INFO = INCLUDE_SOURCE;
				MTL_FAST_MATH = YES;
				ONLY_ACTIVE_ARCH = YES;
				SDKROOT = iphoneos;
				SWIFT_ACTIVE_COMPILATION_CONDITIONS = DEBUG;
				SWIFT_OPTIMIZATION_LEVEL = "-Onone";
			};
			name = Debug;
		};
		589339992A73A3FA00F36749 /* Release */ = {
			isa = XCBuildConfiguration;
			buildSettings = {
				ALWAYS_SEARCH_USER_PATHS = NO;
				CLANG_ANALYZER_NONNULL = YES;
				CLANG_ANALYZER_NUMBER_OBJECT_CONVERSION = YES_AGGRESSIVE;
				CLANG_CXX_LANGUAGE_STANDARD = "gnu++20";
				CLANG_ENABLE_MODULES = YES;
				CLANG_ENABLE_OBJC_ARC = YES;
				CLANG_ENABLE_OBJC_WEAK = YES;
				CLANG_WARN_BLOCK_CAPTURE_AUTORELEASING = YES;
				CLANG_WARN_BOOL_CONVERSION = YES;
				CLANG_WARN_COMMA = YES;
				CLANG_WARN_CONSTANT_CONVERSION = YES;
				CLANG_WARN_DEPRECATED_OBJC_IMPLEMENTATIONS = YES;
				CLANG_WARN_DIRECT_OBJC_ISA_USAGE = YES_ERROR;
				CLANG_WARN_DOCUMENTATION_COMMENTS = YES;
				CLANG_WARN_EMPTY_BODY = YES;
				CLANG_WARN_ENUM_CONVERSION = YES;
				CLANG_WARN_INFINITE_RECURSION = YES;
				CLANG_WARN_INT_CONVERSION = YES;
				CLANG_WARN_NON_LITERAL_NULL_CONVERSION = YES;
				CLANG_WARN_OBJC_IMPLICIT_RETAIN_SELF = YES;
				CLANG_WARN_OBJC_LITERAL_CONVERSION = YES;
				CLANG_WARN_OBJC_ROOT_CLASS = YES_ERROR;
				CLANG_WARN_QUOTED_INCLUDE_IN_FRAMEWORK_HEADER = YES;
				CLANG_WARN_RANGE_LOOP_ANALYSIS = YES;
				CLANG_WARN_STRICT_PROTOTYPES = YES;
				CLANG_WARN_SUSPICIOUS_MOVE = YES;
				CLANG_WARN_UNGUARDED_AVAILABILITY = YES_AGGRESSIVE;
				CLANG_WARN_UNREACHABLE_CODE = YES;
				CLANG_WARN__DUPLICATE_METHOD_MATCH = YES;
				COPY_PHASE_STRIP = NO;
				DEBUG_INFORMATION_FORMAT = "dwarf-with-dsym";
				ENABLE_NS_ASSERTIONS = NO;
				ENABLE_STRICT_OBJC_MSGSEND = YES;
				GCC_C_LANGUAGE_STANDARD = gnu11;
				GCC_NO_COMMON_BLOCKS = YES;
				GCC_WARN_64_TO_32_BIT_CONVERSION = YES;
				GCC_WARN_ABOUT_RETURN_TYPE = YES_ERROR;
				GCC_WARN_UNDECLARED_SELECTOR = YES;
				GCC_WARN_UNINITIALIZED_AUTOS = YES_AGGRESSIVE;
				GCC_WARN_UNUSED_FUNCTION = YES;
				GCC_WARN_UNUSED_VARIABLE = YES;
				IPHONEOS_DEPLOYMENT_TARGET = 16.4;
				MTL_ENABLE_DEBUG_INFO = NO;
				MTL_FAST_MATH = YES;
				SDKROOT = iphoneos;
				SWIFT_COMPILATION_MODE = wholemodule;
				SWIFT_OPTIMIZATION_LEVEL = "-O";
				VALIDATE_PRODUCT = YES;
			};
			name = Release;
		};
		5893399B2A73A3FA00F36749 /* Debug */ = {
			isa = XCBuildConfiguration;
			buildSettings = {
				ASSETCATALOG_COMPILER_APPICON_NAME = AppIcon;
				ASSETCATALOG_COMPILER_GLOBAL_ACCENT_COLOR_NAME = AccentColor;
				CODE_SIGN_ENTITLEMENTS = Up/Up.entitlements;
				CODE_SIGN_STYLE = Automatic;
				CURRENT_PROJECT_VERSION = 1;
				DEVELOPMENT_TEAM = PTBV7SSAVK;
				GENERATE_INFOPLIST_FILE = YES;
				INFOPLIST_FILE = Up/Info.plist;
				INFOPLIST_KEY_CFBundleDisplayName = Up;
				INFOPLIST_KEY_LSApplicationCategoryType = "public.app-category.arcade-games";
				INFOPLIST_KEY_NSLocationWhenInUseUsageDescription = "";
				INFOPLIST_KEY_UIApplicationSupportsIndirectInputEvents = YES;
				INFOPLIST_KEY_UILaunchStoryboardName = LaunchScreen;
				INFOPLIST_KEY_UIMainStoryboardFile = Main;
				INFOPLIST_KEY_UIStatusBarHidden = YES;
				INFOPLIST_KEY_UISupportedInterfaceOrientations_iPad = "UIInterfaceOrientationPortrait UIInterfaceOrientationPortraitUpsideDown UIInterfaceOrientationLandscapeLeft UIInterfaceOrientationLandscapeRight";
				INFOPLIST_KEY_UISupportedInterfaceOrientations_iPhone = "UIInterfaceOrientationPortrait UIInterfaceOrientationLandscapeLeft UIInterfaceOrientationLandscapeRight";
				LD_RUNPATH_SEARCH_PATHS = (
					"$(inherited)",
					"@executable_path/Frameworks",
				);
				MARKETING_VERSION = 1.0;
				PRODUCT_BUNDLE_IDENTIFIER = com.ada.Up;
				PRODUCT_NAME = "$(TARGET_NAME)";
				SUPPORTED_PLATFORMS = "iphoneos iphonesimulator";
				SUPPORTS_MACCATALYST = NO;
				SUPPORTS_MAC_DESIGNED_FOR_IPHONE_IPAD = NO;
				SWIFT_EMIT_LOC_STRINGS = YES;
				SWIFT_VERSION = 5.0;
				TARGETED_DEVICE_FAMILY = 1;
			};
			name = Debug;
		};
		5893399C2A73A3FA00F36749 /* Release */ = {
			isa = XCBuildConfiguration;
			buildSettings = {
				ASSETCATALOG_COMPILER_APPICON_NAME = AppIcon;
				ASSETCATALOG_COMPILER_GLOBAL_ACCENT_COLOR_NAME = AccentColor;
				CODE_SIGN_ENTITLEMENTS = Up/Up.entitlements;
				CODE_SIGN_STYLE = Automatic;
				CURRENT_PROJECT_VERSION = 1;
				DEVELOPMENT_TEAM = PTBV7SSAVK;
				GENERATE_INFOPLIST_FILE = YES;
				INFOPLIST_FILE = Up/Info.plist;
				INFOPLIST_KEY_CFBundleDisplayName = Up;
				INFOPLIST_KEY_LSApplicationCategoryType = "public.app-category.arcade-games";
				INFOPLIST_KEY_NSLocationWhenInUseUsageDescription = "";
				INFOPLIST_KEY_UIApplicationSupportsIndirectInputEvents = YES;
				INFOPLIST_KEY_UILaunchStoryboardName = LaunchScreen;
				INFOPLIST_KEY_UIMainStoryboardFile = Main;
				INFOPLIST_KEY_UIStatusBarHidden = YES;
				INFOPLIST_KEY_UISupportedInterfaceOrientations_iPad = "UIInterfaceOrientationPortrait UIInterfaceOrientationPortraitUpsideDown UIInterfaceOrientationLandscapeLeft UIInterfaceOrientationLandscapeRight";
				INFOPLIST_KEY_UISupportedInterfaceOrientations_iPhone = "UIInterfaceOrientationPortrait UIInterfaceOrientationLandscapeLeft UIInterfaceOrientationLandscapeRight";
				LD_RUNPATH_SEARCH_PATHS = (
					"$(inherited)",
					"@executable_path/Frameworks",
				);
				MARKETING_VERSION = 1.0;
				PRODUCT_BUNDLE_IDENTIFIER = com.ada.Up;
				PRODUCT_NAME = "$(TARGET_NAME)";
				SUPPORTED_PLATFORMS = "iphoneos iphonesimulator";
				SUPPORTS_MACCATALYST = NO;
				SUPPORTS_MAC_DESIGNED_FOR_IPHONE_IPAD = NO;
				SWIFT_EMIT_LOC_STRINGS = YES;
				SWIFT_VERSION = 5.0;
				TARGETED_DEVICE_FAMILY = 1;
			};
			name = Release;
		};
/* End XCBuildConfiguration section */

/* Begin XCConfigurationList section */
		5893397E2A73A3F900F36749 /* Build configuration list for PBXProject "Up" */ = {
			isa = XCConfigurationList;
			buildConfigurations = (
				589339982A73A3FA00F36749 /* Debug */,
				589339992A73A3FA00F36749 /* Release */,
			);
			defaultConfigurationIsVisible = 0;
			defaultConfigurationName = Release;
		};
		5893399A2A73A3FA00F36749 /* Build configuration list for PBXNativeTarget "Up" */ = {
			isa = XCConfigurationList;
			buildConfigurations = (
				5893399B2A73A3FA00F36749 /* Debug */,
				5893399C2A73A3FA00F36749 /* Release */,
			);
			defaultConfigurationIsVisible = 0;
			defaultConfigurationName = Release;
		};
/* End XCConfigurationList section */
	};
	rootObject = 5893397B2A73A3F900F36749 /* Project object */;
}
